
Microsoft Visual Studio Solution File, Format Version 12.00
Project("{FAE04EC0-301F-11D3-BF4B-00C04F79EFBC}") = "FileUploader.API", "FileUploader.API\FileUploader.API.csproj", "{DFC3A5FE-01B0-4021-9AA4-BA11E8448E51}"
EndProject
Global
	GlobalSection(SolutionConfigurationPlatforms) = preSolution
		Debug|Any CPU = Debug|Any CPU
		Release|Any CPU = Release|Any CPU
	EndGlobalSection
	GlobalSection(ProjectConfigurationPlatforms) = postSolution
		{DFC3A5FE-01B0-4021-9AA4-BA11E8448E51}.Debug|Any CPU.ActiveCfg = Debug|Any CPU
		{DFC3A5FE-01B0-4021-9AA4-BA11E8448E51}.Debug|Any CPU.Build.0 = Debug|Any CPU
		{DFC3A5FE-01B0-4021-9AA4-BA11E8448E51}.Release|Any CPU.ActiveCfg = Release|Any CPU
		{DFC3A5FE-01B0-4021-9AA4-BA11E8448E51}.Release|Any CPU.Build.0 = Release|Any CPU
	EndGlobalSection
EndGlobal
